
Microsoft Visual Studio Solution File, Format Version 12.00
# Visual Studio 15
VisualStudioVersion = 15.0.28307.1500
MinimumVisualStudioVersion = 10.0.40219.1
Project("{8BC9CEB8-8B4A-11D0-8D11-00A0C91BC942}") = "Restorant_Project", "Restorant_Project\Restorant_Project.vcxproj", "{27AFED62-F6BE-41C2-A68F-348113507937}"
EndProject
Global
	GlobalSection(SolutionConfigurationPlatforms) = preSolution
		Debug|x64 = Debug|x64
		Debug|x86 = Debug|x86
		Release|x64 = Release|x64
		Release|x86 = Release|x86
	EndGlobalSection
	GlobalSection(ProjectConfigurationPlatforms) = postSolution
		{27AFED62-F6BE-41C2-A68F-348113507937}.Debug|x64.ActiveCfg = Debug|x64
		{27AFED62-F6BE-41C2-A68F-348113507937}.Debug|x64.Build.0 = Debug|x64
		{27AFED62-F6BE-41C2-A68F-348113507937}.Debug|x86.ActiveCfg = Debug|Win32
		{27AFED62-F6BE-41C2-A68F-348113507937}.Debug|x86.Build.0 = Debug|Win32
		{27AFED62-F6BE-41C2-A68F-348113507937}.Release|x64.ActiveCfg = Release|x64
		{27AFED62-F6BE-41C2-A68F-348113507937}.Release|x64.Build.0 = Release|x64
		{27AFED62-F6BE-41C2-A68F-348113507937}.Release|x86.ActiveCfg = Release|Win32
		{27AFED62-F6BE-41C2-A68F-348113507937}.Release|x86.Build.0 = Release|Win32
	EndGlobalSection
	GlobalSection(SolutionProperties) = preSolution
		HideSolutionNode = FALSE
	EndGlobalSection
	GlobalSection(ExtensibilityGlobals) = postSolution
		SolutionGuid = {944A3BB6-DE45-4467-941A-3BF516526AE9}
	EndGlobalSection
EndGlobal
